
Microsoft Visual Studio Solution File, Format Version 12.00
# Visual Studio Version 17
VisualStudioVersion = 17.9.34723.18
MinimumVisualStudioVersion = 10.0.40219.1
Project("{2150E333-8FDC-42A3-9474-1A3956D46DE8}") = "src", "src", "{EE17527D-70FB-4A4E-BAD0-5DE21F89D6D4}"
EndProject
Project("{2150E333-8FDC-42A3-9474-1A3956D46DE8}") = "test", "test", "{2214665B-CF1F-4C2B-A8A0-CBA5556FBAE4}"
EndProject
Project("{2150E333-8FDC-42A3-9474-1A3956D46DE8}") = "DynamicApiBuilder.Domain", "DynamicApiBuilder.Domain", "{D0E3579B-2F92-4A45-B9D1-ACBD4B9EBD48}"
EndProject
Project("{2150E333-8FDC-42A3-9474-1A3956D46DE8}") = "DynamicApiBuilder.Infrestructure", "DynamicApiBuilder.Infrestructure", "{7F07E35B-1EF8-41FA-A267-237BB0C66F96}"
EndProject
Project("{2150E333-8FDC-42A3-9474-1A3956D46DE8}") = "DynamicApiBuilder.UnityTest", "DynamicApiBuilder.UnityTest", "{169507CE-0B72-41A6-904F-AFC7F78338B6}"
EndProject
Project("{2150E333-8FDC-42A3-9474-1A3956D46DE8}") = "DynamicApiBuilder.FunctionalTest", "DynamicApiBuilder.FunctionalTest", "{C31D04FA-7C02-4458-8DA6-A2C271EDC3C1}"
EndProject
Project("{9A19103F-16F7-4668-BE54-9A1E7A4F7556}") = "DynamicApiBuilder.Domain", "DynamicApiBuilder.Domain\DynamicApiBuilder.Domain.csproj", "{76A93560-9E2C-4B40-9424-381694588625}"
EndProject
Project("{9A19103F-16F7-4668-BE54-9A1E7A4F7556}") = "DynamicApiBuilder.Infrestructure", "DynamicApiBuilder.Infrestructure\DynamicApiBuilder.Infrestructure.csproj", "{BAEB92BC-ABD4-47E1-8004-13B5E716BB73}"
EndProject
Project("{9A19103F-16F7-4668-BE54-9A1E7A4F7556}") = "DynamicApiBuilder.FunctionalTest", "DynamicApiBuilder.FunctionalTest\DynamicApiBuilder.FunctionalTest.csproj", "{1CA13FFA-4155-4567-AF28-21F42225C4BF}"
EndProject
Project("{9A19103F-16F7-4668-BE54-9A1E7A4F7556}") = "DynamicApiBuilder.UnityTest", "DynamicApiBuilder.UnityTest\DynamicApiBuilder.UnityTest.csproj", "{47B868A8-4BF6-4B9C-B6F4-7E3DA121B3D7}"
EndProject
Project("{2150E333-8FDC-42A3-9474-1A3956D46DE8}") = "DynamicApiBuilder.Function", "DynamicApiBuilder.Function", "{5C08D185-5E83-41DE-A57F-BADAC3B8A20F}"
EndProject
Project("{9A19103F-16F7-4668-BE54-9A1E7A4F7556}") = "DynamicApiBuilder.Function", "DynamicApiBuilder.Function\DynamicApiBuilder.Function.csproj", "{8374B9C2-5153-4B9C-BC3B-0EA8F381B950}"
EndProject
Project("{2150E333-8FDC-42A3-9474-1A3956D46DE8}") = "DynamicApiBuilder.Application", "DynamicApiBuilder.Application", "{DDE35EEA-988B-45C8-81FE-E87756B9786F}"
EndProject
Project("{FAE04EC0-301F-11D3-BF4B-00C04F79EFBC}") = "DynamicApiBuilder.Application", "DynamicApiBuilder.Application\DynamicApiBuilder.Application.csproj", "{EA90548C-CAF9-469E-81C8-4D5EB6E0C9BF}"
EndProject
Global
	GlobalSection(SolutionConfigurationPlatforms) = preSolution
		Debug|Any CPU = Debug|Any CPU
		Release|Any CPU = Release|Any CPU
	EndGlobalSection
	GlobalSection(ProjectConfigurationPlatforms) = postSolution
		{76A93560-9E2C-4B40-9424-381694588625}.Debug|Any CPU.ActiveCfg = Debug|Any CPU
		{76A93560-9E2C-4B40-9424-381694588625}.Debug|Any CPU.Build.0 = Debug|Any CPU
		{76A93560-9E2C-4B40-9424-381694588625}.Release|Any CPU.ActiveCfg = Release|Any CPU
		{76A93560-9E2C-4B40-9424-381694588625}.Release|Any CPU.Build.0 = Release|Any CPU
		{BAEB92BC-ABD4-47E1-8004-13B5E716BB73}.Debug|Any CPU.ActiveCfg = Debug|Any CPU
		{BAEB92BC-ABD4-47E1-8004-13B5E716BB73}.Debug|Any CPU.Build.0 = Debug|Any CPU
		{BAEB92BC-ABD4-47E1-8004-13B5E716BB73}.Release|Any CPU.ActiveCfg = Release|Any CPU
		{BAEB92BC-ABD4-47E1-8004-13B5E716BB73}.Release|Any CPU.Build.0 = Release|Any CPU
		{1CA13FFA-4155-4567-AF28-21F42225C4BF}.Debug|Any CPU.ActiveCfg = Debug|Any CPU
		{1CA13FFA-4155-4567-AF28-21F42225C4BF}.Debug|Any CPU.Build.0 = Debug|Any CPU
		{1CA13FFA-4155-4567-AF28-21F42225C4BF}.Release|Any CPU.ActiveCfg = Release|Any CPU
		{1CA13FFA-4155-4567-AF28-21F42225C4BF}.Release|Any CPU.Build.0 = Release|Any CPU
		{47B868A8-4BF6-4B9C-B6F4-7E3DA121B3D7}.Debug|Any CPU.ActiveCfg = Debug|Any CPU
		{47B868A8-4BF6-4B9C-B6F4-7E3DA121B3D7}.Debug|Any CPU.Build.0 = Debug|Any CPU
		{47B868A8-4BF6-4B9C-B6F4-7E3DA121B3D7}.Release|Any CPU.ActiveCfg = Release|Any CPU
		{47B868A8-4BF6-4B9C-B6F4-7E3DA121B3D7}.Release|Any CPU.Build.0 = Release|Any CPU
		{8374B9C2-5153-4B9C-BC3B-0EA8F381B950}.Debug|Any CPU.ActiveCfg = Debug|Any CPU
		{8374B9C2-5153-4B9C-BC3B-0EA8F381B950}.Debug|Any CPU.Build.0 = Debug|Any CPU
		{8374B9C2-5153-4B9C-BC3B-0EA8F381B950}.Release|Any CPU.ActiveCfg = Release|Any CPU
		{8374B9C2-5153-4B9C-BC3B-0EA8F381B950}.Release|Any CPU.Build.0 = Release|Any CPU
		{EA90548C-CAF9-469E-81C8-4D5EB6E0C9BF}.Debug|Any CPU.ActiveCfg = Debug|Any CPU
		{EA90548C-CAF9-469E-81C8-4D5EB6E0C9BF}.Debug|Any CPU.Build.0 = Debug|Any CPU
		{EA90548C-CAF9-469E-81C8-4D5EB6E0C9BF}.Release|Any CPU.ActiveCfg = Release|Any CPU
		{EA90548C-CAF9-469E-81C8-4D5EB6E0C9BF}.Release|Any CPU.Build.0 = Release|Any CPU
	EndGlobalSection
	GlobalSection(SolutionProperties) = preSolution
		HideSolutionNode = FALSE
	EndGlobalSection
	GlobalSection(NestedProjects) = preSolution
		{D0E3579B-2F92-4A45-B9D1-ACBD4B9EBD48} = {EE17527D-70FB-4A4E-BAD0-5DE21F89D6D4}
		{7F07E35B-1EF8-41FA-A267-237BB0C66F96} = {EE17527D-70FB-4A4E-BAD0-5DE21F89D6D4}
		{169507CE-0B72-41A6-904F-AFC7F78338B6} = {2214665B-CF1F-4C2B-A8A0-CBA5556FBAE4}
		{C31D04FA-7C02-4458-8DA6-A2C271EDC3C1} = {2214665B-CF1F-4C2B-A8A0-CBA5556FBAE4}
		{76A93560-9E2C-4B40-9424-381694588625} = {D0E3579B-2F92-4A45-B9D1-ACBD4B9EBD48}
		{BAEB92BC-ABD4-47E1-8004-13B5E716BB73} = {7F07E35B-1EF8-41FA-A267-237BB0C66F96}
		{1CA13FFA-4155-4567-AF28-21F42225C4BF} = {C31D04FA-7C02-4458-8DA6-A2C271EDC3C1}
		{47B868A8-4BF6-4B9C-B6F4-7E3DA121B3D7} = {169507CE-0B72-41A6-904F-AFC7F78338B6}
		{5C08D185-5E83-41DE-A57F-BADAC3B8A20F} = {EE17527D-70FB-4A4E-BAD0-5DE21F89D6D4}
		{8374B9C2-5153-4B9C-BC3B-0EA8F381B950} = {5C08D185-5E83-41DE-A57F-BADAC3B8A20F}
		{DDE35EEA-988B-45C8-81FE-E87756B9786F} = {EE17527D-70FB-4A4E-BAD0-5DE21F89D6D4}
		{EA90548C-CAF9-469E-81C8-4D5EB6E0C9BF} = {DDE35EEA-988B-45C8-81FE-E87756B9786F}
	EndGlobalSection
	GlobalSection(ExtensibilityGlobals) = postSolution
		SolutionGuid = {6FD4D105-7DF4-493C-932F-3171CFEF315A}
	EndGlobalSection
EndGlobal
